
Microsoft Visual Studio Solution File, Format Version 12.00
# Visual Studio Version 17
VisualStudioVersion = 17.2.32630.192
MinimumVisualStudioVersion = 10.0.40219.1
Project("{FAE04EC0-301F-11D3-BF4B-00C04F79EFBC}") = "Server", "Server\Server.csproj", "{9CA75F8F-BE2C-4AE2-886A-943902CA227F}"
EndProject
Global
	GlobalSection(SolutionConfigurationPlatforms) = preSolution
		Debug|Any CPU = Debug|Any CPU
		Release|Any CPU = Release|Any CPU
	EndGlobalSection
	GlobalSection(ProjectConfigurationPlatforms) = postSolution
		{9CA75F8F-BE2C-4AE2-886A-943902CA227F}.Debug|Any CPU.ActiveCfg = Debug|Any CPU
		{9CA75F8F-BE2C-4AE2-886A-943902CA227F}.Debug|Any CPU.Build.0 = Debug|Any CPU
		{9CA75F8F-BE2C-4AE2-886A-943902CA227F}.Release|Any CPU.ActiveCfg = Release|Any CPU
		{9CA75F8F-BE2C-4AE2-886A-943902CA227F}.Release|Any CPU.Build.0 = Release|Any CPU
	EndGlobalSection
	GlobalSection(SolutionProperties) = preSolution
		HideSolutionNode = FALSE
	EndGlobalSection
	GlobalSection(ExtensibilityGlobals) = postSolution
		SolutionGuid = {3AF2B5F4-6F78-4AFB-8184-93A64C524E65}
	EndGlobalSection
EndGlobal
